{
  "requires": true,
  "lockfileVersion": 1,
  "dependencies": {
    "readline-sync": {
      "version": "1.4.10",
      "resolved": "https://artifacts.riotgames.com:443/artifactory/api/npm/npm/readline-sync/-/readline-sync-1.4.10.tgz",
      "integrity": "sha1-Qd9/u0tjEtZzARWUFFcFv1bYhzs="
    }
  }
}
